// !$*UTF8*$!
{
	archiveVersion = 1;
	classes = {
	};
	objectVersion = 50;
	objects = {

/* Begin PBXBuildFile section */
		3F7BDC41225CE55C00FBCBE4 /* AppDelegate.swift in Sources */ = {isa = PBXBuildFile; fileRef = 3F7BDC40225CE55C00FBCBE4 /* AppDelegate.swift */; };
		3F7BDC43225CE55C00FBCBE4 /* ViewController.swift in Sources */ = {isa = PBXBuildFile; fileRef = 3F7BDC42225CE55C00FBCBE4 /* ViewController.swift */; };
		3F7BDC46225CE55C00FBCBE4 /* Main.storyboard in Resources */ = {isa = PBXBuildFile; fileRef = 3F7BDC44225CE55C00FBCBE4 /* Main.storyboard */; };
		3F7BDC48225CE56000FBCBE4 /* Assets.xcassets in Resources */ = {isa = PBXBuildFile; fileRef = 3F7BDC47225CE56000FBCBE4 /* Assets.xcassets */; };
		3F7BDC4B225CE56000FBCBE4 /* LaunchScreen.storyboard in Resources */ = {isa = PBXBuildFile; fileRef = 3F7BDC49225CE56000FBCBE4 /* LaunchScreen.storyboard */; };
		3F7BDC56225CE56000FBCBE4 /* CaseWesternQuestTests.swift in Sources */ = {isa = PBXBuildFile; fileRef = 3F7BDC55225CE56000FBCBE4 /* CaseWesternQuestTests.swift */; };
		3F7BDC61225CE56100FBCBE4 /* CaseWesternQuestUITests.swift in Sources */ = {isa = PBXBuildFile; fileRef = 3F7BDC60225CE56100FBCBE4 /* CaseWesternQuestUITests.swift */; };
/* End PBXBuildFile section */

/* Begin PBXContainerItemProxy section */
		3F7BDC52225CE56000FBCBE4 /* PBXContainerItemProxy */ = {
			isa = PBXContainerItemProxy;
			containerPortal = 3F7BDC35225CE55C00FBCBE4 /* Project object */;
			proxyType = 1;
			remoteGlobalIDString = 3F7BDC3C225CE55C00FBCBE4;
			remoteInfo = CaseWesternQuest;
		};
		3F7BDC5D225CE56000FBCBE4 /* PBXContainerItemProxy */ = {
			isa = PBXContainerItemProxy;
			containerPortal = 3F7BDC35225CE55C00FBCBE4 /* Project object */;
			proxyType = 1;
			remoteGlobalIDString = 3F7BDC3C225CE55C00FBCBE4;
			remoteInfo = CaseWesternQuest;
		};
/* End PBXContainerItemProxy section */

/* Begin PBXFileReference section */
		3F7BDC3D225CE55C00FBCBE4 /* CaseWesternQuest.app */ = {isa = PBXFileReference; explicitFileType = wrapper.application; includeInIndex = 0; path = CaseWesternQuest.app; sourceTree = BUILT_PRODUCTS_DIR; };
		3F7BDC40225CE55C00FBCBE4 /* AppDelegate.swift */ = {isa = PBXFileReference; lastKnownFileType = sourcecode.swift; path = AppDelegate.swift; sourceTree = "<group>"; };
		3F7BDC42225CE55C00FBCBE4 /* ViewController.swift */ = {isa = PBXFileReference; lastKnownFileType = sourcecode.swift; path = ViewController.swift; sourceTree = "<group>"; };
		3F7BDC45225CE55C00FBCBE4 /* Base */ = {isa = PBXFileReference; lastKnownFileType = file.storyboard; name = Base; path = Base.lproj/Main.storyboard; sourceTree = "<group>"; };
		3F7BDC47225CE56000FBCBE4 /* Assets.xcassets */ = {isa = PBXFileReference; lastKnownFileType = folder.assetcatalog; path = Assets.xcassets; sourceTree = "<group>"; };
		3F7BDC4A225CE56000FBCBE4 /* Base */ = {isa = PBXFileReference; lastKnownFileType = file.storyboard; name = Base; path = Base.lproj/LaunchScreen.storyboard; sourceTree = "<group>"; };
		3F7BDC4C225CE56000FBCBE4 /* Info.plist */ = {isa = PBXFileReference; lastKnownFileType = text.plist.xml; path = Info.plist; sourceTree = "<group>"; };
		3F7BDC51225CE56000FBCBE4 /* CaseWesternQuestTests.xctest */ = {isa = PBXFileReference; explicitFileType = wrapper.cfbundle; includeInIndex = 0; path = CaseWesternQuestTests.xctest; sourceTree = BUILT_PRODUCTS_DIR; };
		3F7BDC55225CE56000FBCBE4 /* CaseWesternQuestTests.swift */ = {isa = PBXFileReference; lastKnownFileType = sourcecode.swift; path = CaseWesternQuestTests.swift; sourceTree = "<group>"; };
		3F7BDC57225CE56000FBCBE4 /* Info.plist */ = {isa = PBXFileReference; lastKnownFileType = text.plist.xml; path = Info.plist; sourceTree = "<group>"; };
		3F7BDC5C225CE56000FBCBE4 /* CaseWesternQuestUITests.xctest */ = {isa = PBXFileReference; explicitFileType = wrapper.cfbundle; includeInIndex = 0; path = CaseWesternQuestUITests.xctest; sourceTree = BUILT_PRODUCTS_DIR; };
		3F7BDC60225CE56100FBCBE4 /* CaseWesternQuestUITests.swift */ = {isa = PBXFileReference; lastKnownFileType = sourcecode.swift; path = CaseWesternQuestUITests.swift; sourceTree = "<group>"; };
		3F7BDC62225CE56100FBCBE4 /* Info.plist */ = {isa = PBXFileReference; lastKnownFileType = text.plist.xml; path = Info.plist; sourceTree = "<group>"; };
/* End PBXFileReference section */

/* Begin PBXFrameworksBuildPhase section */
		3F7BDC3A225CE55C00FBCBE4 /* Frameworks */ = {
			isa = PBXFrameworksBuildPhase;
			buildActionMask = 2147483647;
			files = (
			);
			runOnlyForDeploymentPostprocessing = 0;
		};
		3F7BDC4E225CE56000FBCBE4 /* Frameworks */ = {
			isa = PBXFrameworksBuildPhase;
			buildActionMask = 2147483647;
			files = (
			);
			runOnlyForDeploymentPostprocessing = 0;
		};
		3F7BDC59225CE56000FBCBE4 /* Frameworks */ = {
			isa = PBXFrameworksBuildPhase;
			buildActionMask = 2147483647;
			files = (
			);
			runOnlyForDeploymentPostprocessing = 0;
		};
/* End PBXFrameworksBuildPhase section */

/* Begin PBXGroup section */
		3F7BDC34225CE55C00FBCBE4 = {
			isa = PBXGroup;
			children = (
				3F7BDC3F225CE55C00FBCBE4 /* CaseWesternQuest */,
				3F7BDC54225CE56000FBCBE4 /* CaseWesternQuestTests */,
				3F7BDC5F225CE56000FBCBE4 /* CaseWesternQuestUITests */,
				3F7BDC3E225CE55C00FBCBE4 /* Products */,
			);
			sourceTree = "<group>";
		};
		3F7BDC3E225CE55C00FBCBE4 /* Products */ = {
			isa = PBXGroup;
			children = (
				3F7BDC3D225CE55C00FBCBE4 /* CaseWesternQuest.app */,
				3F7BDC51225CE56000FBCBE4 /* CaseWesternQuestTests.xctest */,
				3F7BDC5C225CE56000FBCBE4 /* CaseWesternQuestUITests.xctest */,
			);
			name = Products;
			sourceTree = "<group>";
		};
		3F7BDC3F225CE55C00FBCBE4 /* CaseWesternQuest */ = {
			isa = PBXGroup;
			children = (
				3F7BDC40225CE55C00FBCBE4 /* AppDelegate.swift */,
				3F7BDC42225CE55C00FBCBE4 /* ViewController.swift */,
				3F7BDC44225CE55C00FBCBE4 /* Main.storyboard */,
				3F7BDC47225CE56000FBCBE4 /* Assets.xcassets */,
				3F7BDC49225CE56000FBCBE4 /* LaunchScreen.storyboard */,
				3F7BDC4C225CE56000FBCBE4 /* Info.plist */,
			);
			path = CaseWesternQuest;
			sourceTree = "<group>";
		};
		3F7BDC54225CE56000FBCBE4 /* CaseWesternQuestTests */ = {
			isa = PBXGroup;
			children = (
				3F7BDC55225CE56000FBCBE4 /* CaseWesternQuestTests.swift */,
				3F7BDC57225CE56000FBCBE4 /* Info.plist */,
			);
			path = CaseWesternQuestTests;
			sourceTree = "<group>";
		};
		3F7BDC5F225CE56000FBCBE4 /* CaseWesternQuestUITests */ = {
			isa = PBXGroup;
			children = (
				3F7BDC60225CE56100FBCBE4 /* CaseWesternQuestUITests.swift */,
				3F7BDC62225CE56100FBCBE4 /* Info.plist */,
			);
			path = CaseWesternQuestUITests;
			sourceTree = "<group>";
		};
/* End PBXGroup section */

/* Begin PBXNativeTarget section */
		3F7BDC3C225CE55C00FBCBE4 /* CaseWesternQuest */ = {
			isa = PBXNativeTarget;
			buildConfigurationList = 3F7BDC65225CE56100FBCBE4 /* Build configuration list for PBXNativeTarget "CaseWesternQuest" */;
			buildPhases = (
				3F7BDC39225CE55C00FBCBE4 /* Sources */,
				3F7BDC3A225CE55C00FBCBE4 /* Frameworks */,
				3F7BDC3B225CE55C00FBCBE4 /* Resources */,
			);
			buildRules = (
			);
			dependencies = (
			);
			name = CaseWesternQuest;
			productName = CaseWesternQuest;
			productReference = 3F7BDC3D225CE55C00FBCBE4 /* CaseWesternQuest.app */;
			productType = "com.apple.product-type.application";
		};
		3F7BDC50225CE56000FBCBE4 /* CaseWesternQuestTests */ = {
			isa = PBXNativeTarget;
			buildConfigurationList = 3F7BDC68225CE56100FBCBE4 /* Build configuration list for PBXNativeTarget "CaseWesternQuestTests" */;
			buildPhases = (
				3F7BDC4D225CE56000FBCBE4 /* Sources */,
				3F7BDC4E225CE56000FBCBE4 /* Frameworks */,
				3F7BDC4F225CE56000FBCBE4 /* Resources */,
			);
			buildRules = (
			);
			dependencies = (
				3F7BDC53225CE56000FBCBE4 /* PBXTargetDependency */,
			);
			name = CaseWesternQuestTests;
			productName = CaseWesternQuestTests;
			productReference = 3F7BDC51225CE56000FBCBE4 /* CaseWesternQuestTests.xctest */;
			productType = "com.apple.product-type.bundle.unit-test";
		};
		3F7BDC5B225CE56000FBCBE4 /* CaseWesternQuestUITests */ = {
			isa = PBXNativeTarget;
			buildConfigurationList = 3F7BDC6B225CE56100FBCBE4 /* Build configuration list for PBXNativeTarget "CaseWesternQuestUITests" */;
			buildPhases = (
				3F7BDC58225CE56000FBCBE4 /* Sources */,
				3F7BDC59225CE56000FBCBE4 /* Frameworks */,
				3F7BDC5A225CE56000FBCBE4 /* Resources */,
			);
			buildRules = (
			);
			dependencies = (
				3F7BDC5E225CE56000FBCBE4 /* PBXTargetDependency */,
			);
			name = CaseWesternQuestUITests;
			productName = CaseWesternQuestUITests;
			productReference = 3F7BDC5C225CE56000FBCBE4 /* CaseWesternQuestUITests.xctest */;
			productType = "com.apple.product-type.bundle.ui-testing";
		};
/* End PBXNativeTarget section */

/* Begin PBXProject section */
		3F7BDC35225CE55C00FBCBE4 /* Project object */ = {
			isa = PBXProject;
			attributes = {
				LastSwiftUpdateCheck = 1020;
				LastUpgradeCheck = 1020;
				ORGANIZATIONNAME = "Samantha Frankum";
				TargetAttributes = {
					3F7BDC3C225CE55C00FBCBE4 = {
						CreatedOnToolsVersion = 10.2;
					};
					3F7BDC50225CE56000FBCBE4 = {
						CreatedOnToolsVersion = 10.2;
						TestTargetID = 3F7BDC3C225CE55C00FBCBE4;
					};
					3F7BDC5B225CE56000FBCBE4 = {
						CreatedOnToolsVersion = 10.2;
						TestTargetID = 3F7BDC3C225CE55C00FBCBE4;
					};
				};
			};
			buildConfigurationList = 3F7BDC38225CE55C00FBCBE4 /* Build configuration list for PBXProject "CaseWesternQuest" */;
			compatibilityVersion = "Xcode 9.3";
			developmentRegion = en;
			hasScannedForEncodings = 0;
			knownRegions = (
				en,
				Base,
			);
			mainGroup = 3F7BDC34225CE55C00FBCBE4;
			productRefGroup = 3F7BDC3E225CE55C00FBCBE4 /* Products */;
			projectDirPath = "";
			projectRoot = "";
			targets = (
				3F7BDC3C225CE55C00FBCBE4 /* CaseWesternQuest */,
				3F7BDC50225CE56000FBCBE4 /* CaseWesternQuestTests */,
				3F7BDC5B225CE56000FBCBE4 /* CaseWesternQuestUITests */,
			);
		};
/* End PBXProject section */

/* Begin PBXResourcesBuildPhase section */
		3F7BDC3B225CE55C00FBCBE4 /* Resources */ = {
			isa = PBXResourcesBuildPhase;
			buildActionMask = 2147483647;
			files = (
				3F7BDC4B225CE56000FBCBE4 /* LaunchScreen.storyboard in Resources */,
				3F7BDC48225CE56000FBCBE4 /* Assets.xcassets in Resources */,
				3F7BDC46225CE55C00FBCBE4 /* Main.storyboard in Resources */,
			);
			runOnlyForDeploymentPostprocessing = 0;
		};
		3F7BDC4F225CE56000FBCBE4 /* Resources */ = {
			isa = PBXResourcesBuildPhase;
			buildActionMask = 2147483647;
			files = (
			);
			runOnlyForDeploymentPostprocessing = 0;
		};
		3F7BDC5A225CE56000FBCBE4 /* Resources */ = {
			isa = PBXResourcesBuildPhase;
			buildActionMask = 2147483647;
			files = (
			);
			runOnlyForDeploymentPostprocessing = 0;
		};
/* End PBXResourcesBuildPhase section */

/* Begin PBXSourcesBuildPhase section */
		3F7BDC39225CE55C00FBCBE4 /* Sources */ = {
			isa = PBXSourcesBuildPhase;
			buildActionMask = 2147483647;
			files = (
				3F7BDC43225CE55C00FBCBE4 /* ViewController.swift in Sources */,
				3F7BDC41225CE55C00FBCBE4 /* AppDelegate.swift in Sources */,
			);
			runOnlyForDeploymentPostprocessing = 0;
		};
		3F7BDC4D225CE56000FBCBE4 /* Sources */ = {
			isa = PBXSourcesBuildPhase;
			buildActionMask = 2147483647;
			files = (
				3F7BDC56225CE56000FBCBE4 /* CaseWesternQuestTests.swift in Sources */,
			);
			runOnlyForDeploymentPostprocessing = 0;
		};
		3F7BDC58225CE56000FBCBE4 /* Sources */ = {
			isa = PBXSourcesBuildPhase;
			buildActionMask = 2147483647;
			files = (
				3F7BDC61225CE56100FBCBE4 /* CaseWesternQuestUITests.swift in Sources */,
			);
			runOnlyForDeploymentPostprocessing = 0;
		};
/* End PBXSourcesBuildPhase section */

/* Begin PBXTargetDependency section */
		3F7BDC53225CE56000FBCBE4 /* PBXTargetDependency */ = {
			isa = PBXTargetDependency;
			target = 3F7BDC3C225CE55C00FBCBE4 /* CaseWesternQuest */;
			targetProxy = 3F7BDC52225CE56000FBCBE4 /* PBXContainerItemProxy */;
		};
		3F7BDC5E225CE56000FBCBE4 /* PBXTargetDependency */ = {
			isa = PBXTargetDependency;
			target = 3F7BDC3C225CE55C00FBCBE4 /* CaseWesternQuest */;
			targetProxy = 3F7BDC5D225CE56000FBCBE4 /* PBXContainerItemProxy */;
		};
/* End PBXTargetDependency section */

/* Begin PBXVariantGroup section */
		3F7BDC44225CE55C00FBCBE4 /* Main.storyboard */ = {
			isa = PBXVariantGroup;
			children = (
				3F7BDC45225CE55C00FBCBE4 /* Base */,
			);
			name = Main.storyboard;
			sourceTree = "<group>";
		};
		3F7BDC49225CE56000FBCBE4 /* LaunchScreen.storyboard */ = {
			isa = PBXVariantGroup;
			children = (
				3F7BDC4A225CE56000FBCBE4 /* Base */,
			);
			name = LaunchScreen.storyboard;
			sourceTree = "<group>";
		};
/* End PBXVariantGroup section */

/* Begin XCBuildConfiguration section */
		3F7BDC63225CE56100FBCBE4 /* Debug */ = {
			isa = XCBuildConfiguration;
			buildSettings = {
				ALWAYS_SEARCH_USER_PATHS = NO;
				CLANG_ANALYZER_NONNULL = YES;
				CLANG_ANALYZER_NUMBER_OBJECT_CONVERSION = YES_AGGRESSIVE;
				CLANG_CXX_LANGUAGE_STANDARD = "gnu++14";
				CLANG_CXX_LIBRARY = "libc++";
				CLANG_ENABLE_MODULES = YES;
				CLANG_ENABLE_OBJC_ARC = YES;
				CLANG_ENABLE_OBJC_WEAK = YES;
				CLANG_WARN_BLOCK_CAPTURE_AUTORELEASING = YES;
				CLANG_WARN_BOOL_CONVERSION = YES;
				CLANG_WARN_COMMA = YES;
				CLANG_WARN_CONSTANT_CONVERSION = YES;
				CLANG_WARN_DEPRECATED_OBJC_IMPLEMENTATIONS = YES;
				CLANG_WARN_DIRECT_OBJC_ISA_USAGE = YES_ERROR;
				CLANG_WARN_DOCUMENTATION_COMMENTS = YES;
				CLANG_WARN_EMPTY_BODY = YES;
				CLANG_WARN_ENUM_CONVERSION = YES;
				CLANG_WARN_INFINITE_RECURSION = YES;
				CLANG_WARN_INT_CONVERSION = YES;
				CLANG_WARN_NON_LITERAL_NULL_CONVERSION = YES;
				CLANG_WARN_OBJC_IMPLICIT_RETAIN_SELF = YES;
				CLANG_WARN_OBJC_LITERAL_CONVERSION = YES;
				CLANG_WARN_OBJC_ROOT_CLASS = YES_ERROR;
				CLANG_WARN_RANGE_LOOP_ANALYSIS = YES;
				CLANG_WARN_STRICT_PROTOTYPES = YES;
				CLANG_WARN_SUSPICIOUS_MOVE = YES;
				CLANG_WARN_UNGUARDED_AVAILABILITY = YES_AGGRESSIVE;
				CLANG_WARN_UNREACHABLE_CODE = YES;
				CLANG_WARN__DUPLICATE_METHOD_MATCH = YES;
				CODE_SIGN_IDENTITY = "iPhone Developer";
				COPY_PHASE_STRIP = NO;
				DEBUG_INFORMATION_FORMAT = dwarf;
				ENABLE_STRICT_OBJC_MSGSEND = YES;
				ENABLE_TESTABILITY = YES;
				GCC_C_LANGUAGE_STANDARD = gnu11;
				GCC_DYNAMIC_NO_PIC = NO;
				GCC_NO_COMMON_BLOCKS = YES;
				GCC_OPTIMIZATION_LEVEL = 0;
				GCC_PREPROCESSOR_DEFINITIONS = (
					"DEBUG=1",
					"$(inherited)",
				);
				GCC_WARN_64_TO_32_BIT_CONVERSION = YES;
				GCC_WARN_ABOUT_RETURN_TYPE = YES_ERROR;
				GCC_WARN_UNDECLARED_SELECTOR = YES;
				GCC_WARN_UNINITIALIZED_AUTOS = YES_AGGRESSIVE;
				GCC_WARN_UNUSED_FUNCTION = YES;
				GCC_WARN_UNUSED_VARIABLE = YES;
				IPHONEOS_DEPLOYMENT_TARGET = 12.2;
				MTL_ENABLE_DEBUG_INFO = INCLUDE_SOURCE;
				MTL_FAST_MATH = YES;
				ONLY_ACTIVE_ARCH = YES;
				SDKROOT = iphoneos;
				SWIFT_ACTIVE_COMPILATION_CONDITIONS = DEBUG;
				SWIFT_OPTIMIZATION_LEVEL = "-Onone";
			};
			name = Debug;
		};
		3F7BDC64225CE56100FBCBE4 /* Release */ = {
			isa = XCBuildConfiguration;
			buildSettings = {
				ALWAYS_SEARCH_USER_PATHS = NO;
				CLANG_ANALYZER_NONNULL = YES;
				CLANG_ANALYZER_NUMBER_OBJECT_CONVERSION = YES_AGGRESSIVE;
				CLANG_CXX_LANGUAGE_STANDARD = "gnu++14";
				CLANG_CXX_LIBRARY = "libc++";
				CLANG_ENABLE_MODULES = YES;
				CLANG_ENABLE_OBJC_ARC = YES;
				CLANG_ENABLE_OBJC_WEAK = YES;
				CLANG_WARN_BLOCK_CAPTURE_AUTORELEASING = YES;
				CLANG_WARN_BOOL_CONVERSION = YES;
				CLANG_WARN_COMMA = YES;
				CLANG_WARN_CONSTANT_CONVERSION = YES;
				CLANG_WARN_DEPRECATED_OBJC_IMPLEMENTATIONS = YES;
				CLANG_WARN_DIRECT_OBJC_ISA_USAGE = YES_ERROR;
				CLANG_WARN_DOCUMENTATION_COMMENTS = YES;
				CLANG_WARN_EMPTY_BODY = YES;
				CLANG_WARN_ENUM_CONVERSION = YES;
				CLANG_WARN_INFINITE_RECURSION = YES;
				CLANG_WARN_INT_CONVERSION = YES;
				CLANG_WARN_NON_LITERAL_NULL_CONVERSION = YES;
				CLANG_WARN_OBJC_IMPLICIT_RETAIN_SELF = YES;
				CLANG_WARN_OBJC_LITERAL_CONVERSION = YES;
				CLANG_WARN_OBJC_ROOT_CLASS = YES_ERROR;
				CLANG_WARN_RANGE_LOOP_ANALYSIS = YES;
				CLANG_WARN_STRICT_PROTOTYPES = YES;
				CLANG_WARN_SUSPICIOUS_MOVE = YES;
				CLANG_WARN_UNGUARDED_AVAILABILITY = YES_AGGRESSIVE;
				CLANG_WARN_UNREACHABLE_CODE = YES;
				CLANG_WARN__DUPLICATE_METHOD_MATCH = YES;
				CODE_SIGN_IDENTITY = "iPhone Developer";
				COPY_PHASE_STRIP = NO;
				DEBUG_INFORMATION_FORMAT = "dwarf-with-dsym";
				ENABLE_NS_ASSERTIONS = NO;
				ENABLE_STRICT_OBJC_MSGSEND = YES;
				GCC_C_LANGUAGE_STANDARD = gnu11;
				GCC_NO_COMMON_BLOCKS = YES;
				GCC_WARN_64_TO_32_BIT_CONVERSION = YES;
				GCC_WARN_ABOUT_RETURN_TYPE = YES_ERROR;
				GCC_WARN_UNDECLARED_SELECTOR = YES;
				GCC_WARN_UNINITIALIZED_AUTOS = YES_AGGRESSIVE;
				GCC_WARN_UNUSED_FUNCTION = YES;
				GCC_WARN_UNUSED_VARIABLE = YES;
				IPHONEOS_DEPLOYMENT_TARGET = 12.2;
				MTL_ENABLE_DEBUG_INFO = NO;
				MTL_FAST_MATH = YES;
				SDKROOT = iphoneos;
				SWIFT_COMPILATION_MODE = wholemodule;
				SWIFT_OPTIMIZATION_LEVEL = "-O";
				VALIDATE_PRODUCT = YES;
			};
			name = Release;
		};
		3F7BDC66225CE56100FBCBE4 /* Debug */ = {
			isa = XCBuildConfiguration;
			buildSettings = {
				ASSETCATALOG_COMPILER_APPICON_NAME = AppIcon;
				CODE_SIGN_STYLE = Automatic;
				DEVELOPMENT_TEAM = RQ95Z9F3YX;
				INFOPLIST_FILE = CaseWesternQuest/Info.plist;
				LD_RUNPATH_SEARCH_PATHS = (
					"$(inherited)",
					"@executable_path/Frameworks",
				);
				PRODUCT_BUNDLE_IDENTIFIER = edu.case.cbc.srf48.CaseWesternQuest;
				PRODUCT_NAME = "$(TARGET_NAME)";
				SWIFT_VERSION = 5.0;
				TARGETED_DEVICE_FAMILY = "1,2";
			};
			name = Debug;
		};
		3F7BDC67225CE56100FBCBE4 /* Release */ = {
			isa = XCBuildConfiguration;
			buildSettings = {
				ASSETCATALOG_COMPILER_APPICON_NAME = AppIcon;
				CODE_SIGN_STYLE = Automatic;
				DEVELOPMENT_TEAM = RQ95Z9F3YX;
				INFOPLIST_FILE = CaseWesternQuest/Info.plist;
				LD_RUNPATH_SEARCH_PATHS = (
					"$(inherited)",
					"@executable_path/Frameworks",
				);
				PRODUCT_BUNDLE_IDENTIFIER = edu.case.cbc.srf48.CaseWesternQuest;
				PRODUCT_NAME = "$(TARGET_NAME)";
				SWIFT_VERSION = 5.0;
				TARGETED_DEVICE_FAMILY = "1,2";
			};
			name = Release;
		};
		3F7BDC69225CE56100FBCBE4 /* Debug */ = {
			isa = XCBuildConfiguration;
			buildSettings = {
				ALWAYS_EMBED_SWIFT_STANDARD_LIBRARIES = YES;
				BUNDLE_LOADER = "$(TEST_HOST)";
				CODE_SIGN_STYLE = Automatic;
				DEVELOPMENT_TEAM = RQ95Z9F3YX;
				INFOPLIST_FILE = CaseWesternQuestTests/Info.plist;
				LD_RUNPATH_SEARCH_PATHS = (
					"$(inherited)",
					"@executable_path/Frameworks",
					"@loader_path/Frameworks",
				);
				PRODUCT_BUNDLE_IDENTIFIER = edu.case.cbc.srf48.CaseWesternQuestTests;
				PRODUCT_NAME = "$(TARGET_NAME)";
				SWIFT_VERSION = 5.0;
				TARGETED_DEVICE_FAMILY = "1,2";
				TEST_HOST = "$(BUILT_PRODUCTS_DIR)/CaseWesternQuest.app/CaseWesternQuest";
			};
			name = Debug;
		};
		3F7BDC6A225CE56100FBCBE4 /* Release */ = {
			isa = XCBuildConfiguration;
			buildSettings = {
				ALWAYS_EMBED_SWIFT_STANDARD_LIBRARIES = YES;
				BUNDLE_LOADER = "$(TEST_HOST)";
				CODE_SIGN_STYLE = Automatic;
				DEVELOPMENT_TEAM = RQ95Z9F3YX;
				INFOPLIST_FILE = CaseWesternQuestTests/Info.plist;
				LD_RUNPATH_SEARCH_PATHS = (
					"$(inherited)",
					"@executable_path/Frameworks",
					"@loader_path/Frameworks",
				);
				PRODUCT_BUNDLE_IDENTIFIER = edu.case.cbc.srf48.CaseWesternQuestTests;
				PRODUCT_NAME = "$(TARGET_NAME)";
				SWIFT_VERSION = 5.0;
				TARGETED_DEVICE_FAMILY = "1,2";
				TEST_HOST = "$(BUILT_PRODUCTS_DIR)/CaseWesternQuest.app/CaseWesternQuest";
			};
			name = Release;
		};
		3F7BDC6C225CE56100FBCBE4 /* Debug */ = {
			isa = XCBuildConfiguration;
			buildSettings = {
				ALWAYS_EMBED_SWIFT_STANDARD_LIBRARIES = YES;
				CODE_SIGN_STYLE = Automatic;
				DEVELOPMENT_TEAM = RQ95Z9F3YX;
				INFOPLIST_FILE = CaseWesternQuestUITests/Info.plist;
				LD_RUNPATH_SEARCH_PATHS = (
					"$(inherited)",
					"@executable_path/Frameworks",
					"@loader_path/Frameworks",
				);
				PRODUCT_BUNDLE_IDENTIFIER = edu.case.cbc.srf48.CaseWesternQuestUITests;
				PRODUCT_NAME = "$(TARGET_NAME)";
				SWIFT_VERSION = 5.0;
				TARGETED_DEVICE_FAMILY = "1,2";
				TEST_TARGET_NAME = CaseWesternQuest;
			};
			name = Debug;
		};
		3F7BDC6D225CE56100FBCBE4 /* Release */ = {
			isa = XCBuildConfiguration;
			buildSettings = {
				ALWAYS_EMBED_SWIFT_STANDARD_LIBRARIES = YES;
				CODE_SIGN_STYLE = Automatic;
				DEVELOPMENT_TEAM = RQ95Z9F3YX;
				INFOPLIST_FILE = CaseWesternQuestUITests/Info.plist;
				LD_RUNPATH_SEARCH_PATHS = (
					"$(inherited)",
					"@executable_path/Frameworks",
					"@loader_path/Frameworks",
				);
				PRODUCT_BUNDLE_IDENTIFIER = edu.case.cbc.srf48.CaseWesternQuestUITests;
				PRODUCT_NAME = "$(TARGET_NAME)";
				SWIFT_VERSION = 5.0;
				TARGETED_DEVICE_FAMILY = "1,2";
				TEST_TARGET_NAME = CaseWesternQuest;
			};
			name = Release;
		};
/* End XCBuildConfiguration section */

/* Begin XCConfigurationList section */
		3F7BDC38225CE55C00FBCBE4 /* Build configuration list for PBXProject "CaseWesternQuest" */ = {
			isa = XCConfigurationList;
			buildConfigurations = (
				3F7BDC63225CE56100FBCBE4 /* Debug */,
				3F7BDC64225CE56100FBCBE4 /* Release */,
			);
			defaultConfigurationIsVisible = 0;
			defaultConfigurationName = Release;
		};
		3F7BDC65225CE56100FBCBE4 /* Build configuration list for PBXNativeTarget "CaseWesternQuest" */ = {
			isa = XCConfigurationList;
			buildConfigurations = (
				3F7BDC66225CE56100FBCBE4 /* Debug */,
				3F7BDC67225CE56100FBCBE4 /* Release */,
			);
			defaultConfigurationIsVisible = 0;
			defaultConfigurationName = Release;
		};
		3F7BDC68225CE56100FBCBE4 /* Build configuration list for PBXNativeTarget "CaseWesternQuestTests" */ = {
			isa = XCConfigurationList;
			buildConfigurations = (
				3F7BDC69225CE56100FBCBE4 /* Debug */,
				3F7BDC6A225CE56100FBCBE4 /* Release */,
			);
			defaultConfigurationIsVisible = 0;
			defaultConfigurationName = Release;
		};
		3F7BDC6B225CE56100FBCBE4 /* Build configuration list for PBXNativeTarget "CaseWesternQuestUITests" */ = {
			isa = XCConfigurationList;
			buildConfigurations = (
				3F7BDC6C225CE56100FBCBE4 /* Debug */,
				3F7BDC6D225CE56100FBCBE4 /* Release */,
			);
			defaultConfigurationIsVisible = 0;
			defaultConfigurationName = Release;
		};
/* End XCConfigurationList section */
	};
	rootObject = 3F7BDC35225CE55C00FBCBE4 /* Project object */;
}
